
Microsoft Visual Studio Solution File, Format Version 12.00
# Visual Studio Version 17
VisualStudioVersion = 17.11.35222.181
MinimumVisualStudioVersion = 10.0.40219.1
Project("{FAE04EC0-301F-11D3-BF4B-00C04F79EFBC}") = "Actividad1_Distancias", "Actividad1_Distancias\Actividad1_Distancias.csproj", "{008C5812-313B-4DC4-A509-2DBE21148FCA}"
EndProject
Global
	GlobalSection(SolutionConfigurationPlatforms) = preSolution
		Debug|Any CPU = Debug|Any CPU
		Release|Any CPU = Release|Any CPU
	EndGlobalSection
	GlobalSection(ProjectConfigurationPlatforms) = postSolution
		{008C5812-313B-4DC4-A509-2DBE21148FCA}.Debug|Any CPU.ActiveCfg = Debug|Any CPU
		{008C5812-313B-4DC4-A509-2DBE21148FCA}.Debug|Any CPU.Build.0 = Debug|Any CPU
		{008C5812-313B-4DC4-A509-2DBE21148FCA}.Release|Any CPU.ActiveCfg = Release|Any CPU
		{008C5812-313B-4DC4-A509-2DBE21148FCA}.Release|Any CPU.Build.0 = Release|Any CPU
	EndGlobalSection
	GlobalSection(SolutionProperties) = preSolution
		HideSolutionNode = FALSE
	EndGlobalSection
	GlobalSection(ExtensibilityGlobals) = postSolution
		SolutionGuid = {8A1DAD30-1B35-4DBD-8F06-8C9A37BC8AF6}
	EndGlobalSection
EndGlobal
