
Microsoft Visual Studio Solution File, Format Version 12.00
# Visual Studio Version 17
VisualStudioVersion = 17.11.35303.130
MinimumVisualStudioVersion = 10.0.40219.1
Project("{FAE04EC0-301F-11D3-BF4B-00C04F79EFBC}") = "Parcial_2_Juego_AdivinaElNumero", "Parcial_2_Juego_AdivinaElNumero.csproj", "{B680715E-E265-4C34-B668-4243A3657A30}"
EndProject
Global
	GlobalSection(SolutionConfigurationPlatforms) = preSolution
		Debug|Any CPU = Debug|Any CPU
		Release|Any CPU = Release|Any CPU
	EndGlobalSection
	GlobalSection(ProjectConfigurationPlatforms) = postSolution
		{B680715E-E265-4C34-B668-4243A3657A30}.Debug|Any CPU.ActiveCfg = Debug|Any CPU
		{B680715E-E265-4C34-B668-4243A3657A30}.Debug|Any CPU.Build.0 = Debug|Any CPU
		{B680715E-E265-4C34-B668-4243A3657A30}.Release|Any CPU.ActiveCfg = Release|Any CPU
		{B680715E-E265-4C34-B668-4243A3657A30}.Release|Any CPU.Build.0 = Release|Any CPU
	EndGlobalSection
	GlobalSection(SolutionProperties) = preSolution
		HideSolutionNode = FALSE
	EndGlobalSection
	GlobalSection(ExtensibilityGlobals) = postSolution
		SolutionGuid = {58A2CB97-B744-429D-85CA-C1B7383BD316}
	EndGlobalSection
EndGlobal
