
Microsoft Visual Studio Solution File, Format Version 12.00
# Visual Studio Version 17
VisualStudioVersion = 17.11.35303.130
MinimumVisualStudioVersion = 10.0.40219.1
Project("{FAE04EC0-301F-11D3-BF4B-00C04F79EFBC}") = "Parcial1.1", "Parcial1.1.csproj", "{455406D5-EC46-4287-B8E6-6CAD61EB7FD7}"
EndProject
Global
	GlobalSection(SolutionConfigurationPlatforms) = preSolution
		Debug|Any CPU = Debug|Any CPU
		Release|Any CPU = Release|Any CPU
	EndGlobalSection
	GlobalSection(ProjectConfigurationPlatforms) = postSolution
		{455406D5-EC46-4287-B8E6-6CAD61EB7FD7}.Debug|Any CPU.ActiveCfg = Debug|Any CPU
		{455406D5-EC46-4287-B8E6-6CAD61EB7FD7}.Debug|Any CPU.Build.0 = Debug|Any CPU
		{455406D5-EC46-4287-B8E6-6CAD61EB7FD7}.Release|Any CPU.ActiveCfg = Release|Any CPU
		{455406D5-EC46-4287-B8E6-6CAD61EB7FD7}.Release|Any CPU.Build.0 = Release|Any CPU
	EndGlobalSection
	GlobalSection(SolutionProperties) = preSolution
		HideSolutionNode = FALSE
	EndGlobalSection
	GlobalSection(ExtensibilityGlobals) = postSolution
		SolutionGuid = {0C68F5F1-1847-4FF2-A0E0-D6C88044CD58}
	EndGlobalSection
EndGlobal
