
Microsoft Visual Studio Solution File, Format Version 12.00
# Visual Studio Version 17
VisualStudioVersion = 17.11.35222.181
MinimumVisualStudioVersion = 10.0.40219.1
Project("{FAE04EC0-301F-11D3-BF4B-00C04F79EFBC}") = "Actividad_2", "Actividad_2.csproj", "{D80ABFBF-DF08-4729-BD62-AD8655DE92AE}"
EndProject
Global
	GlobalSection(SolutionConfigurationPlatforms) = preSolution
		Debug|Any CPU = Debug|Any CPU
		Release|Any CPU = Release|Any CPU
	EndGlobalSection
	GlobalSection(ProjectConfigurationPlatforms) = postSolution
		{D80ABFBF-DF08-4729-BD62-AD8655DE92AE}.Debug|Any CPU.ActiveCfg = Debug|Any CPU
		{D80ABFBF-DF08-4729-BD62-AD8655DE92AE}.Debug|Any CPU.Build.0 = Debug|Any CPU
		{D80ABFBF-DF08-4729-BD62-AD8655DE92AE}.Release|Any CPU.ActiveCfg = Release|Any CPU
		{D80ABFBF-DF08-4729-BD62-AD8655DE92AE}.Release|Any CPU.Build.0 = Release|Any CPU
	EndGlobalSection
	GlobalSection(SolutionProperties) = preSolution
		HideSolutionNode = FALSE
	EndGlobalSection
	GlobalSection(ExtensibilityGlobals) = postSolution
		SolutionGuid = {888B84DD-0265-499B-ACDF-106517123C2D}
	EndGlobalSection
EndGlobal
