
Microsoft Visual Studio Solution File, Format Version 12.00
# Visual Studio Version 17
VisualStudioVersion = 17.11.35222.181
MinimumVisualStudioVersion = 10.0.40219.1
Project("{FAE04EC0-301F-11D3-BF4B-00C04F79EFBC}") = "Ejercicio10", "Ejercicio10.csproj", "{02D6E8F7-FB9D-4240-B241-0A03619557F4}"
EndProject
Global
	GlobalSection(SolutionConfigurationPlatforms) = preSolution
		Debug|Any CPU = Debug|Any CPU
		Release|Any CPU = Release|Any CPU
	EndGlobalSection
	GlobalSection(ProjectConfigurationPlatforms) = postSolution
		{02D6E8F7-FB9D-4240-B241-0A03619557F4}.Debug|Any CPU.ActiveCfg = Debug|Any CPU
		{02D6E8F7-FB9D-4240-B241-0A03619557F4}.Debug|Any CPU.Build.0 = Debug|Any CPU
		{02D6E8F7-FB9D-4240-B241-0A03619557F4}.Release|Any CPU.ActiveCfg = Release|Any CPU
		{02D6E8F7-FB9D-4240-B241-0A03619557F4}.Release|Any CPU.Build.0 = Release|Any CPU
	EndGlobalSection
	GlobalSection(SolutionProperties) = preSolution
		HideSolutionNode = FALSE
	EndGlobalSection
	GlobalSection(ExtensibilityGlobals) = postSolution
		SolutionGuid = {7B8E4030-E943-4966-B715-C0331097F387}
	EndGlobalSection
EndGlobal
